
Microsoft Visual Studio Solution File, Format Version 10.00
# Visual Studio 2008
Project("{FAE04EC0-301F-11D3-BF4B-00C04F79EFBC}") = "PublicMessages", "PublicMessages\PublicMessages.csproj", "{2F27B03D-E1C5-4B3F-B206-C930E90350BD}"
EndProject
Project("{FAE04EC0-301F-11D3-BF4B-00C04F79EFBC}") = "Publisher", "Publisher\Publisher.csproj", "{5BD72988-6C3E-49E2-A37F-6AC93B7BC089}"
EndProject
Project("{FAE04EC0-301F-11D3-BF4B-00C04F79EFBC}") = "Subscriber", "Subscriber\Subscriber.csproj", "{B5EF8FA7-862B-4A96-8234-A143E6265727}"
EndProject
Project("{FAE04EC0-301F-11D3-BF4B-00C04F79EFBC}") = "InternalEvents", "InternalEvents\InternalEvents.csproj", "{B5E3A824-CE34-45D1-9389-6E52F6CB48F7}"
EndProject
Global
	GlobalSection(SolutionConfigurationPlatforms) = preSolution
		Debug|Any CPU = Debug|Any CPU
		Release|Any CPU = Release|Any CPU
	EndGlobalSection
	GlobalSection(ProjectConfigurationPlatforms) = postSolution
		{2F27B03D-E1C5-4B3F-B206-C930E90350BD}.Debug|Any CPU.ActiveCfg = Debug|Any CPU
		{2F27B03D-E1C5-4B3F-B206-C930E90350BD}.Debug|Any CPU.Build.0 = Debug|Any CPU
		{2F27B03D-E1C5-4B3F-B206-C930E90350BD}.Release|Any CPU.ActiveCfg = Release|Any CPU
		{2F27B03D-E1C5-4B3F-B206-C930E90350BD}.Release|Any CPU.Build.0 = Release|Any CPU
		{5BD72988-6C3E-49E2-A37F-6AC93B7BC089}.Debug|Any CPU.ActiveCfg = Debug|Any CPU
		{5BD72988-6C3E-49E2-A37F-6AC93B7BC089}.Debug|Any CPU.Build.0 = Debug|Any CPU
		{5BD72988-6C3E-49E2-A37F-6AC93B7BC089}.Release|Any CPU.ActiveCfg = Release|Any CPU
		{5BD72988-6C3E-49E2-A37F-6AC93B7BC089}.Release|Any CPU.Build.0 = Release|Any CPU
		{B5EF8FA7-862B-4A96-8234-A143E6265727}.Debug|Any CPU.ActiveCfg = Debug|Any CPU
		{B5EF8FA7-862B-4A96-8234-A143E6265727}.Debug|Any CPU.Build.0 = Debug|Any CPU
		{B5EF8FA7-862B-4A96-8234-A143E6265727}.Release|Any CPU.ActiveCfg = Release|Any CPU
		{B5EF8FA7-862B-4A96-8234-A143E6265727}.Release|Any CPU.Build.0 = Release|Any CPU
		{B5E3A824-CE34-45D1-9389-6E52F6CB48F7}.Debug|Any CPU.ActiveCfg = Debug|Any CPU
		{B5E3A824-CE34-45D1-9389-6E52F6CB48F7}.Debug|Any CPU.Build.0 = Debug|Any CPU
		{B5E3A824-CE34-45D1-9389-6E52F6CB48F7}.Release|Any CPU.ActiveCfg = Release|Any CPU
		{B5E3A824-CE34-45D1-9389-6E52F6CB48F7}.Release|Any CPU.Build.0 = Release|Any CPU
	EndGlobalSection
	GlobalSection(SolutionProperties) = preSolution
		HideSolutionNode = FALSE
	EndGlobalSection
EndGlobal
